
Microsoft Visual Studio Solution File, Format Version 12.00
# Visual Studio Version 17
VisualStudioVersion = 17.11.35222.181
MinimumVisualStudioVersion = 10.0.40219.1
Project("{FAE04EC0-301F-11D3-BF4B-00C04F79EFBC}") = "CodeFirstBasic", "CodeFirstBasic\CodeFirstBasic.csproj", "{F68B47D6-5E8A-4414-AFDF-C4536BE24AE3}"
EndProject
Project("{FAE04EC0-301F-11D3-BF4B-00C04F79EFBC}") = "CodeFirstRelation", "CodeFirstRelation\CodeFirstRelation.csproj", "{04B2F63E-E8D6-4A3F-8FF2-F2E7BFB9EDC3}"
EndProject
Project("{FAE04EC0-301F-11D3-BF4B-00C04F79EFBC}") = "Survivor", "Survivor\Survivor.csproj", "{5ED5B69D-B970-4B37-B04C-48FC1884E7B7}"
EndProject
Global
	GlobalSection(SolutionConfigurationPlatforms) = preSolution
		Debug|Any CPU = Debug|Any CPU
		Release|Any CPU = Release|Any CPU
	EndGlobalSection
	GlobalSection(ProjectConfigurationPlatforms) = postSolution
		{F68B47D6-5E8A-4414-AFDF-C4536BE24AE3}.Debug|Any CPU.ActiveCfg = Debug|Any CPU
		{F68B47D6-5E8A-4414-AFDF-C4536BE24AE3}.Debug|Any CPU.Build.0 = Debug|Any CPU
		{F68B47D6-5E8A-4414-AFDF-C4536BE24AE3}.Release|Any CPU.ActiveCfg = Release|Any CPU
		{F68B47D6-5E8A-4414-AFDF-C4536BE24AE3}.Release|Any CPU.Build.0 = Release|Any CPU
		{04B2F63E-E8D6-4A3F-8FF2-F2E7BFB9EDC3}.Debug|Any CPU.ActiveCfg = Debug|Any CPU
		{04B2F63E-E8D6-4A3F-8FF2-F2E7BFB9EDC3}.Debug|Any CPU.Build.0 = Debug|Any CPU
		{04B2F63E-E8D6-4A3F-8FF2-F2E7BFB9EDC3}.Release|Any CPU.ActiveCfg = Release|Any CPU
		{04B2F63E-E8D6-4A3F-8FF2-F2E7BFB9EDC3}.Release|Any CPU.Build.0 = Release|Any CPU
		{5ED5B69D-B970-4B37-B04C-48FC1884E7B7}.Debug|Any CPU.ActiveCfg = Debug|Any CPU
		{5ED5B69D-B970-4B37-B04C-48FC1884E7B7}.Debug|Any CPU.Build.0 = Debug|Any CPU
		{5ED5B69D-B970-4B37-B04C-48FC1884E7B7}.Release|Any CPU.ActiveCfg = Release|Any CPU
		{5ED5B69D-B970-4B37-B04C-48FC1884E7B7}.Release|Any CPU.Build.0 = Release|Any CPU
	EndGlobalSection
	GlobalSection(SolutionProperties) = preSolution
		HideSolutionNode = FALSE
	EndGlobalSection
	GlobalSection(ExtensibilityGlobals) = postSolution
		SolutionGuid = {A06A5D1E-EB15-4685-93ED-7852267FE98A}
	EndGlobalSection
EndGlobal
